{
  "name": "fin-agent-hapi-hub",
  "version": "1.0.0",
  "lockfileVersion": 3,
  "requires": true,
  "packages": {
    "": {
      "name": "fin-agent-hapi-hub",
      "version": "1.0.0",
      "dependencies": {
        "@twsxtd/hapi": "latest"
      }
    },
    "node_modules/@twsxtd/hapi": {
      "version": "0.18.4",
      "resolved": "https://registry.npmjs.org/@twsxtd/hapi/-/hapi-0.18.4.tgz",
      "integrity": "sha512-7zYbPUGXJpnvCW1jgA8fmdNUhM8Gjp7ypEgW2J9a63QamqUasufHXNy5cUzX+lGxw2+a8AC8F2Feo3XQJ2W4iw==",
      "license": "AGPL-3.0-only",
      "bin": {
        "hapi": "bin/hapi.cjs"
      },
      "optionalDependencies": {
        "@twsxtd/hapi-darwin-arm64": "0.18.4",
        "@twsxtd/hapi-darwin-x64": "0.18.4",
        "@twsxtd/hapi-linux-arm64": "0.18.4",
        "@twsxtd/hapi-linux-x64": "0.18.4",
        "@twsxtd/hapi-win32-x64": "0.18.4"
      }
    },
    "node_modules/@twsxtd/hapi-darwin-arm64": {
      "version": "0.18.4",
      "resolved": "https://registry.npmjs.org/@twsxtd/hapi-darwin-arm64/-/hapi-darwin-arm64-0.18.4.tgz",
      "integrity": "sha512-b7hnFckhVJM9BPuz99mcjkUfkeKB4MyykwL8EJojpR2TO8icVPBmBSPyu/XA8mtdpLgSSj355Ntykr6P6XiI/w==",
      "cpu": [
        "arm64"
      ],
      "license": "AGPL-3.0-only",
      "optional": true,
      "os": [
        "darwin"
      ],
      "bin": {
        "hapi": "bin/hapi"
      }
    },
    "node_modules/@twsxtd/hapi-darwin-x64": {
      "version": "0.18.4",
      "resolved": "https://registry.npmjs.org/@twsxtd/hapi-darwin-x64/-/hapi-darwin-x64-0.18.4.tgz",
      "integrity": "sha512-fEeUZt1Tz4fLk7NIw5jVj1zzZZDzDEwi+6WECveK4O9u4hwNxy9sCh4Vp9DteJpWXJAKFMIAp6qvbpIuHJYY1w==",
      "cpu": [
        "x64"
      ],
      "license": "AGPL-3.0-only",
      "optional": true,
      "os": [
        "darwin"
      ],
      "bin": {
        "hapi": "bin/hapi"
      }
    },
    "node_modules/@twsxtd/hapi-linux-arm64": {
      "version": "0.18.4",
      "resolved": "https://registry.npmjs.org/@twsxtd/hapi-linux-arm64/-/hapi-linux-arm64-0.18.4.tgz",
      "integrity": "sha512-vyWMPb4Ee5VwJccv6oWHdg0n71JNxw5rGKKKHU1jaZiIYlhYBsNEyD724lyULQ6N7dq1pCbpQ2N275RPUN13Vw==",
      "cpu": [
        "arm64"
      ],
      "license": "AGPL-3.0-only",
      "optional": true,
      "os": [
        "linux"
      ],
      "bin": {
        "hapi": "bin/hapi"
      }
    },
    "node_modules/@twsxtd/hapi-linux-x64": {
      "version": "0.18.4",
      "resolved": "https://registry.npmjs.org/@twsxtd/hapi-linux-x64/-/hapi-linux-x64-0.18.4.tgz",
      "integrity": "sha512-VHdCKlJ3G1JOqVG7lDpeY7RJflfRp1qHb6WMuXf/a5g7g/UljPmLH8QfF/H/DbOXjuLVcBeqihEqBngYu+CIlw==",
      "cpu": [
        "x64"
      ],
      "license": "AGPL-3.0-only",
      "optional": true,
      "os": [
        "linux"
      ],
      "bin": {
        "hapi": "bin/hapi"
      }
    },
    "node_modules/@twsxtd/hapi-win32-x64": {
      "version": "0.18.4",
      "resolved": "https://registry.npmjs.org/@twsxtd/hapi-win32-x64/-/hapi-win32-x64-0.18.4.tgz",
      "integrity": "sha512-MsIWaxFeRIbt4oqZnIMoJeLLCE4ZnU6qUin+RjrrmYKxW4p8ciaMrbUNXD5bGY/K50JlJwI6BZMX98UQOUr7uA==",
      "cpu": [
        "x64"
      ],
      "license": "AGPL-3.0-only",
      "optional": true,
      "os": [
        "win32"
      ],
      "bin": {
        "hapi": "bin/hapi.exe"
      }
    }
  }
}
